
Microsoft Visual Studio Solution File, Format Version 12.00
# Visual Studio Version 16
VisualStudioVersion = 16.0.31025.194
MinimumVisualStudioVersion = 10.0.40219.1
Project("{9A19103F-16F7-4668-BE54-9A1E7A4F7556}") = "TodoFlutter.data", "TodoFlutter.data\TodoFlutter.data.csproj", "{0F977EAA-127D-402C-B76F-A4A4330FC712}"
EndProject
Project("{9A19103F-16F7-4668-BE54-9A1E7A4F7556}") = "TodoFlutter.core", "TodoFlutter.core\TodoFlutter.core.csproj", "{D3B3F59D-BAAD-4B85-95EB-F6A87A2F8AC3}"
EndProject
Project("{9A19103F-16F7-4668-BE54-9A1E7A4F7556}") = "ToDoFlutter.Api", "ToDoFlutter.Api\ToDoFlutter.Api.csproj", "{E61F93E1-C54F-4ED5-BA7E-91960EF19656}"
EndProject
Global
	GlobalSection(SolutionConfigurationPlatforms) = preSolution
		Debug|Any CPU = Debug|Any CPU
		Release|Any CPU = Release|Any CPU
	EndGlobalSection
	GlobalSection(ProjectConfigurationPlatforms) = postSolution
		{0F977EAA-127D-402C-B76F-A4A4330FC712}.Debug|Any CPU.ActiveCfg = Debug|Any CPU
		{0F977EAA-127D-402C-B76F-A4A4330FC712}.Debug|Any CPU.Build.0 = Debug|Any CPU
		{0F977EAA-127D-402C-B76F-A4A4330FC712}.Release|Any CPU.ActiveCfg = Release|Any CPU
		{0F977EAA-127D-402C-B76F-A4A4330FC712}.Release|Any CPU.Build.0 = Release|Any CPU
		{D3B3F59D-BAAD-4B85-95EB-F6A87A2F8AC3}.Debug|Any CPU.ActiveCfg = Debug|Any CPU
		{D3B3F59D-BAAD-4B85-95EB-F6A87A2F8AC3}.Debug|Any CPU.Build.0 = Debug|Any CPU
		{D3B3F59D-BAAD-4B85-95EB-F6A87A2F8AC3}.Release|Any CPU.ActiveCfg = Release|Any CPU
		{D3B3F59D-BAAD-4B85-95EB-F6A87A2F8AC3}.Release|Any CPU.Build.0 = Release|Any CPU
		{E61F93E1-C54F-4ED5-BA7E-91960EF19656}.Debug|Any CPU.ActiveCfg = Debug|Any CPU
		{E61F93E1-C54F-4ED5-BA7E-91960EF19656}.Debug|Any CPU.Build.0 = Debug|Any CPU
		{E61F93E1-C54F-4ED5-BA7E-91960EF19656}.Release|Any CPU.ActiveCfg = Release|Any CPU
		{E61F93E1-C54F-4ED5-BA7E-91960EF19656}.Release|Any CPU.Build.0 = Release|Any CPU
	EndGlobalSection
	GlobalSection(SolutionProperties) = preSolution
		HideSolutionNode = FALSE
	EndGlobalSection
	GlobalSection(ExtensibilityGlobals) = postSolution
		SolutionGuid = {DC18139D-6DBC-48A9-BB93-A177FBBA2A42}
	EndGlobalSection
EndGlobal
